<Solution>
  <Project Path="Citationly.API/Citationly.API.csproj" />
  <Project Path="Citationly.Application/Citationly.Application.csproj" />
  <Project Path="Citationly.Domain/Citationly.Domain.csproj" />
  <Project Path="Citationly.Infrastructure/Citationly.Infrastructure.csproj" />
  <Project Path="Citationly.Tests/Citationly.Tests.csproj" />
</Solution>
